
Microsoft Visual Studio Solution File, Format Version 12.00
# Visual Studio 14
VisualStudioVersion = 14.0.23107.0
MinimumVisualStudioVersion = 10.0.40219.1
Project("{FAE04EC0-301F-11D3-BF4B-00C04F79EFBC}") = "DDDTests", "DDDTests\DDDTests.csproj", "{5CFD4A87-CC5C-439A-9D26-35299BA18690}"
EndProject
Project("{FAE04EC0-301F-11D3-BF4B-00C04F79EFBC}") = "DDDTests.Tests", "DDDTests.Tests\DDDTests.Tests.csproj", "{6FBFE5DD-26B3-4917-9FC7-D46BBABE6B18}"
	ProjectSection(ProjectDependencies) = postProject
		{5CFD4A87-CC5C-439A-9D26-35299BA18690} = {5CFD4A87-CC5C-439A-9D26-35299BA18690}
	EndProjectSection
EndProject
Global
	GlobalSection(SolutionConfigurationPlatforms) = preSolution
		Debug|Any CPU = Debug|Any CPU
		Release|Any CPU = Release|Any CPU
	EndGlobalSection
	GlobalSection(ProjectConfigurationPlatforms) = postSolution
		{5CFD4A87-CC5C-439A-9D26-35299BA18690}.Debug|Any CPU.ActiveCfg = Debug|Any CPU
		{5CFD4A87-CC5C-439A-9D26-35299BA18690}.Debug|Any CPU.Build.0 = Debug|Any CPU
		{5CFD4A87-CC5C-439A-9D26-35299BA18690}.Release|Any CPU.ActiveCfg = Release|Any CPU
		{5CFD4A87-CC5C-439A-9D26-35299BA18690}.Release|Any CPU.Build.0 = Release|Any CPU
		{6FBFE5DD-26B3-4917-9FC7-D46BBABE6B18}.Debug|Any CPU.ActiveCfg = Debug|Any CPU
		{6FBFE5DD-26B3-4917-9FC7-D46BBABE6B18}.Debug|Any CPU.Build.0 = Debug|Any CPU
		{6FBFE5DD-26B3-4917-9FC7-D46BBABE6B18}.Release|Any CPU.ActiveCfg = Release|Any CPU
		{6FBFE5DD-26B3-4917-9FC7-D46BBABE6B18}.Release|Any CPU.Build.0 = Release|Any CPU
	EndGlobalSection
	GlobalSection(SolutionProperties) = preSolution
		HideSolutionNode = FALSE
	EndGlobalSection
EndGlobal
